
Microsoft Visual Studio Solution File, Format Version 12.00
# Visual Studio Version 17
VisualStudioVersion = 17.8.34322.80
MinimumVisualStudioVersion = 10.0.40219.1
Project("{FAE04EC0-301F-11D3-BF4B-00C04F79EFBC}") = "ConsoleApp1", "ConsoleApp1\ConsoleApp1.csproj", "{035387C9-2944-4BB0-980E-039AA57F14E5}"
EndProject
Global
	GlobalSection(SolutionConfigurationPlatforms) = preSolution
		Debug|Any CPU = Debug|Any CPU
		Release|Any CPU = Release|Any CPU
	EndGlobalSection
	GlobalSection(ProjectConfigurationPlatforms) = postSolution
		{035387C9-2944-4BB0-980E-039AA57F14E5}.Debug|Any CPU.ActiveCfg = Debug|Any CPU
		{035387C9-2944-4BB0-980E-039AA57F14E5}.Debug|Any CPU.Build.0 = Debug|Any CPU
		{035387C9-2944-4BB0-980E-039AA57F14E5}.Release|Any CPU.ActiveCfg = Release|Any CPU
		{035387C9-2944-4BB0-980E-039AA57F14E5}.Release|Any CPU.Build.0 = Release|Any CPU
	EndGlobalSection
	GlobalSection(SolutionProperties) = preSolution
		HideSolutionNode = FALSE
	EndGlobalSection
	GlobalSection(ExtensibilityGlobals) = postSolution
		SolutionGuid = {E84B546E-E711-4C0A-BA59-9F2BE1D36EA1}
	EndGlobalSection
EndGlobal
